
Microsoft Visual Studio Solution File, Format Version 12.00
# Visual Studio Version 16
VisualStudioVersion = 16.0.30717.126
MinimumVisualStudioVersion = 10.0.40219.1
Project("{9A19103F-16F7-4668-BE54-9A1E7A4F7556}") = "Catan.Core", "src\Catan.Core\Catan.Core.csproj", "{3D62F0E9-565D-468B-8350-EDA8235620D2}"
EndProject
Project("{9A19103F-16F7-4668-BE54-9A1E7A4F7556}") = "Catan.Services", "src\Catan.Services\Catan.Services.csproj", "{2A769B00-ED23-4DCD-B150-50E4FE1F8A19}"
EndProject
Project("{FAE04EC0-301F-11D3-BF4B-00C04F79EFBC}") = "Catan.Blazor", "src\Catan.Blazor\Catan.Blazor.csproj", "{9A7B0186-E5D7-4585-812C-545F3B8E5E31}"
EndProject
Global
	GlobalSection(SolutionConfigurationPlatforms) = preSolution
		Debug|Any CPU = Debug|Any CPU
		Release|Any CPU = Release|Any CPU
	EndGlobalSection
	GlobalSection(ProjectConfigurationPlatforms) = postSolution
		{3D62F0E9-565D-468B-8350-EDA8235620D2}.Debug|Any CPU.ActiveCfg = Debug|Any CPU
		{3D62F0E9-565D-468B-8350-EDA8235620D2}.Debug|Any CPU.Build.0 = Debug|Any CPU
		{3D62F0E9-565D-468B-8350-EDA8235620D2}.Release|Any CPU.ActiveCfg = Release|Any CPU
		{3D62F0E9-565D-468B-8350-EDA8235620D2}.Release|Any CPU.Build.0 = Release|Any CPU
		{2A769B00-ED23-4DCD-B150-50E4FE1F8A19}.Debug|Any CPU.ActiveCfg = Debug|Any CPU
		{2A769B00-ED23-4DCD-B150-50E4FE1F8A19}.Debug|Any CPU.Build.0 = Debug|Any CPU
		{2A769B00-ED23-4DCD-B150-50E4FE1F8A19}.Release|Any CPU.ActiveCfg = Release|Any CPU
		{2A769B00-ED23-4DCD-B150-50E4FE1F8A19}.Release|Any CPU.Build.0 = Release|Any CPU
		{9A7B0186-E5D7-4585-812C-545F3B8E5E31}.Debug|Any CPU.ActiveCfg = Debug|Any CPU
		{9A7B0186-E5D7-4585-812C-545F3B8E5E31}.Debug|Any CPU.Build.0 = Debug|Any CPU
		{9A7B0186-E5D7-4585-812C-545F3B8E5E31}.Release|Any CPU.ActiveCfg = Release|Any CPU
		{9A7B0186-E5D7-4585-812C-545F3B8E5E31}.Release|Any CPU.Build.0 = Release|Any CPU
	EndGlobalSection
	GlobalSection(SolutionProperties) = preSolution
		HideSolutionNode = FALSE
	EndGlobalSection
	GlobalSection(ExtensibilityGlobals) = postSolution
		SolutionGuid = {FE8EEAFB-F6DC-4773-B7C5-BF9F725D771F}
	EndGlobalSection
EndGlobal
